
Microsoft Visual Studio Solution File, Format Version 12.00
Project("{FAE04EC0-301F-11D3-BF4B-00C04F79EFBC}") = "Hello-CEK", "Hello-CEK\Hello-CEK.csproj", "{62D84638-E5CA-420F-AFBC-92B0D0F7CAD0}"
EndProject
Project("{FAE04EC0-301F-11D3-BF4B-00C04F79EFBC}") = "Calculator-CEK", "Calculator-CEK\Calculator-CEK.csproj", "{33881BC3-6F60-4112-9A28-88DC2B3CF040}"
EndProject
Project("{FAE04EC0-301F-11D3-BF4B-00C04F79EFBC}") = "GuessTheNumber-CEK", "GuessTheNumber-CEK\GuessTheNumber-CEK.csproj", "{BA6015BC-5E05-451A-BB17-DCCFB3A6C6DB}"
EndProject
Project("{FAE04EC0-301F-11D3-BF4B-00C04F79EFBC}") = "BubbleSort-CEK", "BubbleSort-CEK\BubbleSort-CEK.csproj", "{D52B1E77-22AE-40C0-A426-E9B696EBBD80}"
EndProject
Project("{FAE04EC0-301F-11D3-BF4B-00C04F79EFBC}") = "InputOutput-CEK", "InputOutput-CEK\InputOutput-CEK.csproj", "{913A9442-99F0-46C0-B9AE-8C874D34CB6C}"
EndProject
Project("{FAE04EC0-301F-11D3-BF4B-00C04F79EFBC}") = "Dice-CEK", "Dice-CEK\Dice-CEK.csproj", "{D67E8D7D-8464-49EB-99E3-41BF5C840708}"
EndProject
Project("{FAE04EC0-301F-11D3-BF4B-00C04F79EFBC}") = "Cards-CEK", "Cards-CEK\Cards-CEK.csproj", "{FF54BA4E-023A-43DD-8FB2-A71513AC8FE0}"
EndProject
Project("{FAE04EC0-301F-11D3-BF4B-00C04F79EFBC}") = "Quiz-CEK", "Quiz-CEK\Quiz-CEK.csproj", "{A0017642-053D-4A25-92BD-633EB394640F}"
EndProject
Project("{FAE04EC0-301F-11D3-BF4B-00C04F79EFBC}") = "HideAndSeek-CEK", "HideAndSeek-CEK\HideAndSeek-CEK.csproj", "{A258938E-D75D-45DA-9256-88A62DBDD61C}"
EndProject
Project("{FAE04EC0-301F-11D3-BF4B-00C04F79EFBC}") = "SurfaceArea-CEK", "SurfaceArea-CEK\SurfaceArea-CEK.csproj", "{3D28F33C-5FDD-4A57-B411-D7151AC96986}"
EndProject
Project("{FAE04EC0-301F-11D3-BF4B-00C04F79EFBC}") = "CheckWriter-CEK", "CheckWriter-CEK\CheckWriter-CEK.csproj", "{203BAD92-543C-4A9A-8ABC-90324040E039}"
EndProject
Project("{FAE04EC0-301F-11D3-BF4B-00C04F79EFBC}") = "FractionCalculator-CEK", "FractionCalculator-CEK\FractionCalculator-CEK.csproj", "{BC1F4E96-1E44-453F-8287-598715835D9C}"
EndProject
Global
	GlobalSection(SolutionConfigurationPlatforms) = preSolution
		Debug|Any CPU = Debug|Any CPU
		Release|Any CPU = Release|Any CPU
	EndGlobalSection
	GlobalSection(ProjectConfigurationPlatforms) = postSolution
		{62D84638-E5CA-420F-AFBC-92B0D0F7CAD0}.Debug|Any CPU.ActiveCfg = Debug|Any CPU
		{62D84638-E5CA-420F-AFBC-92B0D0F7CAD0}.Debug|Any CPU.Build.0 = Debug|Any CPU
		{62D84638-E5CA-420F-AFBC-92B0D0F7CAD0}.Release|Any CPU.ActiveCfg = Release|Any CPU
		{62D84638-E5CA-420F-AFBC-92B0D0F7CAD0}.Release|Any CPU.Build.0 = Release|Any CPU
		{33881BC3-6F60-4112-9A28-88DC2B3CF040}.Debug|Any CPU.ActiveCfg = Debug|Any CPU
		{33881BC3-6F60-4112-9A28-88DC2B3CF040}.Debug|Any CPU.Build.0 = Debug|Any CPU
		{33881BC3-6F60-4112-9A28-88DC2B3CF040}.Release|Any CPU.ActiveCfg = Release|Any CPU
		{33881BC3-6F60-4112-9A28-88DC2B3CF040}.Release|Any CPU.Build.0 = Release|Any CPU
		{BA6015BC-5E05-451A-BB17-DCCFB3A6C6DB}.Debug|Any CPU.ActiveCfg = Debug|Any CPU
		{BA6015BC-5E05-451A-BB17-DCCFB3A6C6DB}.Debug|Any CPU.Build.0 = Debug|Any CPU
		{BA6015BC-5E05-451A-BB17-DCCFB3A6C6DB}.Release|Any CPU.ActiveCfg = Release|Any CPU
		{BA6015BC-5E05-451A-BB17-DCCFB3A6C6DB}.Release|Any CPU.Build.0 = Release|Any CPU
		{D52B1E77-22AE-40C0-A426-E9B696EBBD80}.Debug|Any CPU.ActiveCfg = Debug|Any CPU
		{D52B1E77-22AE-40C0-A426-E9B696EBBD80}.Debug|Any CPU.Build.0 = Debug|Any CPU
		{D52B1E77-22AE-40C0-A426-E9B696EBBD80}.Release|Any CPU.ActiveCfg = Release|Any CPU
		{D52B1E77-22AE-40C0-A426-E9B696EBBD80}.Release|Any CPU.Build.0 = Release|Any CPU
		{913A9442-99F0-46C0-B9AE-8C874D34CB6C}.Debug|Any CPU.ActiveCfg = Debug|Any CPU
		{913A9442-99F0-46C0-B9AE-8C874D34CB6C}.Debug|Any CPU.Build.0 = Debug|Any CPU
		{913A9442-99F0-46C0-B9AE-8C874D34CB6C}.Release|Any CPU.ActiveCfg = Release|Any CPU
		{913A9442-99F0-46C0-B9AE-8C874D34CB6C}.Release|Any CPU.Build.0 = Release|Any CPU
		{D67E8D7D-8464-49EB-99E3-41BF5C840708}.Debug|Any CPU.ActiveCfg = Debug|Any CPU
		{D67E8D7D-8464-49EB-99E3-41BF5C840708}.Debug|Any CPU.Build.0 = Debug|Any CPU
		{D67E8D7D-8464-49EB-99E3-41BF5C840708}.Release|Any CPU.ActiveCfg = Release|Any CPU
		{D67E8D7D-8464-49EB-99E3-41BF5C840708}.Release|Any CPU.Build.0 = Release|Any CPU
		{FF54BA4E-023A-43DD-8FB2-A71513AC8FE0}.Debug|Any CPU.ActiveCfg = Debug|Any CPU
		{FF54BA4E-023A-43DD-8FB2-A71513AC8FE0}.Debug|Any CPU.Build.0 = Debug|Any CPU
		{FF54BA4E-023A-43DD-8FB2-A71513AC8FE0}.Release|Any CPU.ActiveCfg = Release|Any CPU
		{FF54BA4E-023A-43DD-8FB2-A71513AC8FE0}.Release|Any CPU.Build.0 = Release|Any CPU
		{A0017642-053D-4A25-92BD-633EB394640F}.Debug|Any CPU.ActiveCfg = Debug|Any CPU
		{A0017642-053D-4A25-92BD-633EB394640F}.Debug|Any CPU.Build.0 = Debug|Any CPU
		{A0017642-053D-4A25-92BD-633EB394640F}.Release|Any CPU.ActiveCfg = Release|Any CPU
		{A0017642-053D-4A25-92BD-633EB394640F}.Release|Any CPU.Build.0 = Release|Any CPU
		{A258938E-D75D-45DA-9256-88A62DBDD61C}.Debug|Any CPU.ActiveCfg = Debug|Any CPU
		{A258938E-D75D-45DA-9256-88A62DBDD61C}.Debug|Any CPU.Build.0 = Debug|Any CPU
		{A258938E-D75D-45DA-9256-88A62DBDD61C}.Release|Any CPU.ActiveCfg = Release|Any CPU
		{A258938E-D75D-45DA-9256-88A62DBDD61C}.Release|Any CPU.Build.0 = Release|Any CPU
		{3D28F33C-5FDD-4A57-B411-D7151AC96986}.Debug|Any CPU.ActiveCfg = Debug|Any CPU
		{3D28F33C-5FDD-4A57-B411-D7151AC96986}.Debug|Any CPU.Build.0 = Debug|Any CPU
		{3D28F33C-5FDD-4A57-B411-D7151AC96986}.Release|Any CPU.ActiveCfg = Release|Any CPU
		{3D28F33C-5FDD-4A57-B411-D7151AC96986}.Release|Any CPU.Build.0 = Release|Any CPU
		{203BAD92-543C-4A9A-8ABC-90324040E039}.Debug|Any CPU.ActiveCfg = Debug|Any CPU
		{203BAD92-543C-4A9A-8ABC-90324040E039}.Debug|Any CPU.Build.0 = Debug|Any CPU
		{203BAD92-543C-4A9A-8ABC-90324040E039}.Release|Any CPU.ActiveCfg = Release|Any CPU
		{203BAD92-543C-4A9A-8ABC-90324040E039}.Release|Any CPU.Build.0 = Release|Any CPU
		{BC1F4E96-1E44-453F-8287-598715835D9C}.Debug|Any CPU.ActiveCfg = Debug|Any CPU
		{BC1F4E96-1E44-453F-8287-598715835D9C}.Debug|Any CPU.Build.0 = Debug|Any CPU
		{BC1F4E96-1E44-453F-8287-598715835D9C}.Release|Any CPU.ActiveCfg = Release|Any CPU
		{BC1F4E96-1E44-453F-8287-598715835D9C}.Release|Any CPU.Build.0 = Release|Any CPU
	EndGlobalSection
EndGlobal
